Microsoft Visual Studio Solution File, Format Version 12.00
# Visual Studio Version 17
VisualStudioVersion = 17.0.31903.59
MinimumVisualStudioVersion = 10.0.40219.1
Project("{2150E333-8FDC-42A3-9474-1A3956D46DE8}") = "src", "src", "{A8A2EF43-045E-4F9F-8A44-3F263BB05378}"
EndProject
Project("{FAE04EC0-301F-11D3-BF4B-00C04F79EFBC}") = "RailsSdkSample", "src\RailsSdkSample\RailsSdkSample.csproj", "{D3BDC5EA-0A60-4A44-BF0B-32AE2ADEBCA4}"
EndProject
Project("{2150E333-8FDC-42A3-9474-1A3956D46DE8}") = "tests", "tests", "{FD01E8AF-722F-4468-89A3-D0288E0D0407}"
EndProject
Project("{FAE04EC0-301F-11D3-BF4B-00C04F79EFBC}") = "RailsSdkSample.Tests", "tests\RailsSdkSample.Tests\RailsSdkSample.Tests.csproj", "{B9723D33-4013-4502-AA65-3329BE2C1C60}"
EndProject
Global
	GlobalSection(SolutionConfigurationPlatforms) = preSolution
		Debug|Any CPU = Debug|Any CPU
		Release|Any CPU = Release|Any CPU
	EndGlobalSection
	GlobalSection(SolutionProperties) = preSolution
		HideSolutionNode = FALSE
	EndGlobalSection
	GlobalSection(ProjectConfigurationPlatforms) = postSolution
		{D3BDC5EA-0A60-4A44-BF0B-32AE2ADEBCA4}.Debug|Any CPU.ActiveCfg = Debug|Any CPU
		{D3BDC5EA-0A60-4A44-BF0B-32AE2ADEBCA4}.Debug|Any CPU.Build.0 = Debug|Any CPU
		{D3BDC5EA-0A60-4A44-BF0B-32AE2ADEBCA4}.Release|Any CPU.ActiveCfg = Release|Any CPU
		{D3BDC5EA-0A60-4A44-BF0B-32AE2ADEBCA4}.Release|Any CPU.Build.0 = Release|Any CPU
		{B9723D33-4013-4502-AA65-3329BE2C1C60}.Debug|Any CPU.ActiveCfg = Debug|Any CPU
		{B9723D33-4013-4502-AA65-3329BE2C1C60}.Debug|Any CPU.Build.0 = Debug|Any CPU
		{B9723D33-4013-4502-AA65-3329BE2C1C60}.Release|Any CPU.ActiveCfg = Release|Any CPU
		{B9723D33-4013-4502-AA65-3329BE2C1C60}.Release|Any CPU.Build.0 = Release|Any CPU
	EndGlobalSection
	GlobalSection(NestedProjects) = preSolution
		{D3BDC5EA-0A60-4A44-BF0B-32AE2ADEBCA4} = {A8A2EF43-045E-4F9F-8A44-3F263BB05378}
		{B9723D33-4013-4502-AA65-3329BE2C1C60} = {FD01E8AF-722F-4468-89A3-D0288E0D0407}
	EndGlobalSection
EndGlobal
